
Microsoft Visual Studio Solution File, Format Version 12.00
# Visual Studio Version 16
VisualStudioVersion = 16.0.31205.134
MinimumVisualStudioVersion = 10.0.40219.1
Project("{9A19103F-16F7-4668-BE54-9A1E7A4F7556}") = "RedPlus", "RedPlus\RedPlus.csproj", "{CFDC00A8-D08E-489F-B686-BDC08C5C7A50}"
EndProject
Project("{9A19103F-16F7-4668-BE54-9A1E7A4F7556}") = "RedPlus.WebApp", "RedPlus.WebApp\RedPlus.WebApp.csproj", "{D4DD498C-6D08-4CBD-9B5B-7BDAF50672A4}"
EndProject
Global
	GlobalSection(SolutionConfigurationPlatforms) = preSolution
		Debug|Any CPU = Debug|Any CPU
		Release|Any CPU = Release|Any CPU
	EndGlobalSection
	GlobalSection(ProjectConfigurationPlatforms) = postSolution
		{CFDC00A8-D08E-489F-B686-BDC08C5C7A50}.Debug|Any CPU.ActiveCfg = Debug|Any CPU
		{CFDC00A8-D08E-489F-B686-BDC08C5C7A50}.Debug|Any CPU.Build.0 = Debug|Any CPU
		{CFDC00A8-D08E-489F-B686-BDC08C5C7A50}.Release|Any CPU.ActiveCfg = Release|Any CPU
		{CFDC00A8-D08E-489F-B686-BDC08C5C7A50}.Release|Any CPU.Build.0 = Release|Any CPU
		{D4DD498C-6D08-4CBD-9B5B-7BDAF50672A4}.Debug|Any CPU.ActiveCfg = Debug|Any CPU
		{D4DD498C-6D08-4CBD-9B5B-7BDAF50672A4}.Debug|Any CPU.Build.0 = Debug|Any CPU
		{D4DD498C-6D08-4CBD-9B5B-7BDAF50672A4}.Release|Any CPU.ActiveCfg = Release|Any CPU
		{D4DD498C-6D08-4CBD-9B5B-7BDAF50672A4}.Release|Any CPU.Build.0 = Release|Any CPU
	EndGlobalSection
	GlobalSection(SolutionProperties) = preSolution
		HideSolutionNode = FALSE
	EndGlobalSection
	GlobalSection(ExtensibilityGlobals) = postSolution
		SolutionGuid = {9868645D-147F-48D5-92EE-F5889DAD3218}
	EndGlobalSection
EndGlobal
